
Microsoft Visual Studio Solution File, Format Version 12.00
# Visual Studio Version 16
VisualStudioVersion = 16.0.31025.194
MinimumVisualStudioVersion = 10.0.40219.1
Project("{FAE04EC0-301F-11D3-BF4B-00C04F79EFBC}") = "HotelApp", "HotelApp\HotelApp.csproj", "{1328F01F-B5DF-434C-8E7E-DB713C85CD15}"
EndProject
Global
	GlobalSection(SolutionConfigurationPlatforms) = preSolution
		Debug|Any CPU = Debug|Any CPU
		Release|Any CPU = Release|Any CPU
	EndGlobalSection
	GlobalSection(ProjectConfigurationPlatforms) = postSolution
		{1328F01F-B5DF-434C-8E7E-DB713C85CD15}.Debug|Any CPU.ActiveCfg = Debug|Any CPU
		{1328F01F-B5DF-434C-8E7E-DB713C85CD15}.Debug|Any CPU.Build.0 = Debug|Any CPU
		{1328F01F-B5DF-434C-8E7E-DB713C85CD15}.Release|Any CPU.ActiveCfg = Release|Any CPU
		{1328F01F-B5DF-434C-8E7E-DB713C85CD15}.Release|Any CPU.Build.0 = Release|Any CPU
	EndGlobalSection
	GlobalSection(SolutionProperties) = preSolution
		HideSolutionNode = FALSE
	EndGlobalSection
	GlobalSection(ExtensibilityGlobals) = postSolution
		SolutionGuid = {F01C6A8B-5E51-494E-ABD4-90318A558036}
	EndGlobalSection
EndGlobal
